{
  "name": "joke",
  "version": "0.0.2",
  "lockfileVersion": 1,
  "requires": true,
  "dependencies": {
    "wepy": {
      "version": "1.7.2",
      "resolved": "http://registry.npm.taobao.org/wepy/download/wepy-1.7.2.tgz"
    },
    "wepy-compiler-less": {
      "version": "1.3.14",
      "resolved": "http://registry.npm.taobao.org/wepy-compiler-less/download/wepy-compiler-less-1.3.14.tgz",
      "integrity": "sha1-vvuqrTVquc3/AnNAZ9X7bwkxekQ=",
      "dev": true
    }
  }
}
